
Microsoft Visual Studio Solution File, Format Version 12.00
# Visual Studio Version 17
VisualStudioVersion = 17.4.33205.214
MinimumVisualStudioVersion = 10.0.40219.1
Project("{9A19103F-16F7-4668-BE54-9A1E7A4F7556}") = "Nerves.Adapter.DataBase", "Nerves.Adapter.DataBase\Nerves.Adapter.DataBase.csproj", "{776382C3-E368-4055-A36E-0B9AB5FF7DEE}"
EndProject
Project("{FAE04EC0-301F-11D3-BF4B-00C04F79EFBC}") = "Nerves.ApiServer", "Nerves.ApiServer\Nerves.ApiServer.csproj", "{E8A3187E-B02D-42CB-8221-91EA15E33E87}"
EndProject
Global
	GlobalSection(SolutionConfigurationPlatforms) = preSolution
		Debug|Any CPU = Debug|Any CPU
		Release|Any CPU = Release|Any CPU
	EndGlobalSection
	GlobalSection(ProjectConfigurationPlatforms) = postSolution
		{776382C3-E368-4055-A36E-0B9AB5FF7DEE}.Debug|Any CPU.ActiveCfg = Debug|Any CPU
		{776382C3-E368-4055-A36E-0B9AB5FF7DEE}.Debug|Any CPU.Build.0 = Debug|Any CPU
		{776382C3-E368-4055-A36E-0B9AB5FF7DEE}.Release|Any CPU.ActiveCfg = Release|Any CPU
		{776382C3-E368-4055-A36E-0B9AB5FF7DEE}.Release|Any CPU.Build.0 = Release|Any CPU
		{E8A3187E-B02D-42CB-8221-91EA15E33E87}.Debug|Any CPU.ActiveCfg = Debug|Any CPU
		{E8A3187E-B02D-42CB-8221-91EA15E33E87}.Debug|Any CPU.Build.0 = Debug|Any CPU
		{E8A3187E-B02D-42CB-8221-91EA15E33E87}.Release|Any CPU.ActiveCfg = Release|Any CPU
		{E8A3187E-B02D-42CB-8221-91EA15E33E87}.Release|Any CPU.Build.0 = Release|Any CPU
	EndGlobalSection
	GlobalSection(SolutionProperties) = preSolution
		HideSolutionNode = FALSE
	EndGlobalSection
	GlobalSection(ExtensibilityGlobals) = postSolution
		SolutionGuid = {CA88CE15-E6BA-4F13-A7E3-DE3BED55DD61}
	EndGlobalSection
EndGlobal
